
Microsoft Visual Studio Solution File, Format Version 12.00
# Visual Studio Version 16
VisualStudioVersion = 16.0.810.19
MinimumVisualStudioVersion = 10.0.40219.1
Project("{FAE04EC0-301F-11D3-BF4B-00C04F79EFBC}") = "JuanWebSite", "JuanWebSite\JuanWebSite.csproj", "{211411E8-B6AA-4396-A91B-FD56BF62646B}"
EndProject
Global
	GlobalSection(SolutionConfigurationPlatforms) = preSolution
		Debug|Any CPU = Debug|Any CPU
		Release|Any CPU = Release|Any CPU
	EndGlobalSection
	GlobalSection(ProjectConfigurationPlatforms) = postSolution
		{211411E8-B6AA-4396-A91B-FD56BF62646B}.Debug|Any CPU.ActiveCfg = Debug|Any CPU
		{211411E8-B6AA-4396-A91B-FD56BF62646B}.Debug|Any CPU.Build.0 = Debug|Any CPU
		{211411E8-B6AA-4396-A91B-FD56BF62646B}.Release|Any CPU.ActiveCfg = Release|Any CPU
		{211411E8-B6AA-4396-A91B-FD56BF62646B}.Release|Any CPU.Build.0 = Release|Any CPU
	EndGlobalSection
	GlobalSection(SolutionProperties) = preSolution
		HideSolutionNode = FALSE
	EndGlobalSection
	GlobalSection(ExtensibilityGlobals) = postSolution
		SolutionGuid = {DC041EE0-19C7-43AC-A33F-2EA0524A0992}
	EndGlobalSection
EndGlobal
